// !$*UTF8*$!
{
	archiveVersion = 1;
	classes = {
	};
	objectVersion = 52;
	objects = {

/* Begin PBXBuildFile section */
		6F81CB062572BDA300723154 /* LegendOfTheFiveRingsApp.swift in Sources */ = {isa = PBXBuildFile; fileRef = 6F81CB052572BDA300723154 /* LegendOfTheFiveRingsApp.swift */; };
		6F81CB082572BDA300723154 /* ContentView.swift in Sources */ = {isa = PBXBuildFile; fileRef = 6F81CB072572BDA300723154 /* ContentView.swift */; };
		6F81CB0A2572BDA500723154 /* Assets.xcassets in Resources */ = {isa = PBXBuildFile; fileRef = 6F81CB092572BDA500723154 /* Assets.xcassets */; };
		6F81CB0D2572BDA500723154 /* Preview Assets.xcassets in Resources */ = {isa = PBXBuildFile; fileRef = 6F81CB0C2572BDA500723154 /* Preview Assets.xcassets */; };
		6F81CB0F2572BDA500723154 /* Persistence.swift in Sources */ = {isa = PBXBuildFile; fileRef = 6F81CB0E2572BDA500723154 /* Persistence.swift */; };
		6F81CB122572BDA500723154 /* LegendOfTheFiveRingsApp.xcdatamodeld in Sources */ = {isa = PBXBuildFile; fileRef = 6F81CB102572BDA500723154 /* LegendOfTheFiveRingsApp.xcdatamodeld */; };
		6F81CB1D2572BDA500723154 /* LegendOfTheFiveRingsAppTests.swift in Sources */ = {isa = PBXBuildFile; fileRef = 6F81CB1C2572BDA500723154 /* LegendOfTheFiveRingsAppTests.swift */; };
		6F81CB282572BDA500723154 /* LegendOfTheFiveRingsAppUITests.swift in Sources */ = {isa = PBXBuildFile; fileRef = 6F81CB272572BDA500723154 /* LegendOfTheFiveRingsAppUITests.swift */; };
		6F81CB412572BF4A00723154 /* FrameworkTestView.swift in Sources */ = {isa = PBXBuildFile; fileRef = 6F81CB402572BF4A00723154 /* FrameworkTestView.swift */; };
		6F81CB8F2572EF2300723154 /* CharacterList.swift in Sources */ = {isa = PBXBuildFile; fileRef = 6F81CB8E2572EF2300723154 /* CharacterList.swift */; };
		6FCB221A257327E400F8BABF /* CharacterView.swift in Sources */ = {isa = PBXBuildFile; fileRef = 6FCB2219257327E400F8BABF /* CharacterView.swift */; };
		6FCB22392574650D00F8BABF /* LegendOfTheFiveRings in Frameworks */ = {isa = PBXBuildFile; productRef = 6FCB22382574650D00F8BABF /* LegendOfTheFiveRings */; };
/* End PBXBuildFile section */

/* Begin PBXContainerItemProxy section */
		6F81CB192572BDA500723154 /* PBXContainerItemProxy */ = {
			isa = PBXContainerItemProxy;
			containerPortal = 6F81CAFA2572BDA300723154 /* Project object */;
			proxyType = 1;
			remoteGlobalIDString = 6F81CB012572BDA300723154;
			remoteInfo = LegendOfTheFiveRingsApp;
		};
		6F81CB242572BDA500723154 /* PBXContainerItemProxy */ = {
			isa = PBXContainerItemProxy;
			containerPortal = 6F81CAFA2572BDA300723154 /* Project object */;
			proxyType = 1;
			remoteGlobalIDString = 6F81CB012572BDA300723154;
			remoteInfo = LegendOfTheFiveRingsApp;
		};
/* End PBXContainerItemProxy section */

/* Begin PBXFileReference section */
		6F81CB022572BDA300723154 /* LegendOfTheFiveRingsApp.app */ = {isa = PBXFileReference; explicitFileType = wrapper.application; includeInIndex = 0; path = LegendOfTheFiveRingsApp.app; sourceTree = BUILT_PRODUCTS_DIR; };
		6F81CB052572BDA300723154 /* LegendOfTheFiveRingsApp.swift */ = {isa = PBXFileReference; lastKnownFileType = sourcecode.swift; path = LegendOfTheFiveRingsApp.swift; sourceTree = "<group>"; };
		6F81CB072572BDA300723154 /* ContentView.swift */ = {isa = PBXFileReference; lastKnownFileType = sourcecode.swift; path = ContentView.swift; sourceTree = "<group>"; };
		6F81CB092572BDA500723154 /* Assets.xcassets */ = {isa = PBXFileReference; lastKnownFileType = folder.assetcatalog; path = Assets.xcassets; sourceTree = "<group>"; };
		6F81CB0C2572BDA500723154 /* Preview Assets.xcassets */ = {isa = PBXFileReference; lastKnownFileType = folder.assetcatalog; path = "Preview Assets.xcassets"; sourceTree = "<group>"; };
		6F81CB0E2572BDA500723154 /* Persistence.swift */ = {isa = PBXFileReference; lastKnownFileType = sourcecode.swift; path = Persistence.swift; sourceTree = "<group>"; };
		6F81CB112572BDA500723154 /* LegendOfTheFiveRingsApp.xcdatamodel */ = {isa = PBXFileReference; lastKnownFileType = wrapper.xcdatamodel; path = LegendOfTheFiveRingsApp.xcdatamodel; sourceTree = "<group>"; };
		6F81CB132572BDA500723154 /* Info.plist */ = {isa = PBXFileReference; lastKnownFileType = text.plist.xml; path = Info.plist; sourceTree = "<group>"; };
		6F81CB182572BDA500723154 /* LegendOfTheFiveRingsAppTests.xctest */ = {isa = PBXFileReference; explicitFileType = wrapper.cfbundle; includeInIndex = 0; path = LegendOfTheFiveRingsAppTests.xctest; sourceTree = BUILT_PRODUCTS_DIR; };
		6F81CB1C2572BDA500723154 /* LegendOfTheFiveRingsAppTests.swift */ = {isa = PBXFileReference; lastKnownFileType = sourcecode.swift; path = LegendOfTheFiveRingsAppTests.swift; sourceTree = "<group>"; };
		6F81CB1E2572BDA500723154 /* Info.plist */ = {isa = PBXFileReference; lastKnownFileType = text.plist.xml; path = Info.plist; sourceTree = "<group>"; };
		6F81CB232572BDA500723154 /* LegendOfTheFiveRingsAppUITests.xctest */ = {isa = PBXFileReference; explicitFileType = wrapper.cfbundle; includeInIndex = 0; path = LegendOfTheFiveRingsAppUITests.xctest; sourceTree = BUILT_PRODUCTS_DIR; };
		6F81CB272572BDA500723154 /* LegendOfTheFiveRingsAppUITests.swift */ = {isa = PBXFileReference; lastKnownFileType = sourcecode.swift; path = LegendOfTheFiveRingsAppUITests.swift; sourceTree = "<group>"; };
		6F81CB292572BDA500723154 /* Info.plist */ = {isa = PBXFileReference; lastKnownFileType = text.plist.xml; path = Info.plist; sourceTree = "<group>"; };
		6F81CB402572BF4A00723154 /* FrameworkTestView.swift */ = {isa = PBXFileReference; lastKnownFileType = sourcecode.swift; path = FrameworkTestView.swift; sourceTree = "<group>"; };
		6F81CB612572E74500723154 /* LegendOfTheFiveRingsApp.entitlements */ = {isa = PBXFileReference; lastKnownFileType = text.plist.entitlements; path = LegendOfTheFiveRingsApp.entitlements; sourceTree = "<group>"; };
		6F81CB8E2572EF2300723154 /* CharacterList.swift */ = {isa = PBXFileReference; lastKnownFileType = sourcecode.swift; path = CharacterList.swift; sourceTree = "<group>"; };
		6FCB2219257327E400F8BABF /* CharacterView.swift */ = {isa = PBXFileReference; lastKnownFileType = sourcecode.swift; path = CharacterView.swift; sourceTree = "<group>"; };
/* End PBXFileReference section */

/* Begin PBXFrameworksBuildPhase section */
		6F81CAFF2572BDA300723154 /* Frameworks */ = {
			isa = PBXFrameworksBuildPhase;
			buildActionMask = 2147483647;
			files = (
				6FCB22392574650D00F8BABF /* LegendOfTheFiveRings in Frameworks */,
			);
			runOnlyForDeploymentPostprocessing = 0;
		};
		6F81CB152572BDA500723154 /* Frameworks */ = {
			isa = PBXFrameworksBuildPhase;
			buildActionMask = 2147483647;
			files = (
			);
			runOnlyForDeploymentPostprocessing = 0;
		};
		6F81CB202572BDA500723154 /* Frameworks */ = {
			isa = PBXFrameworksBuildPhase;
			buildActionMask = 2147483647;
			files = (
			);
			runOnlyForDeploymentPostprocessing = 0;
		};
/* End PBXFrameworksBuildPhase section */

/* Begin PBXGroup section */
		6F81CAF92572BDA300723154 = {
			isa = PBXGroup;
			children = (
				6F81CB042572BDA300723154 /* LegendOfTheFiveRingsApp */,
				6F81CB1B2572BDA500723154 /* LegendOfTheFiveRingsAppTests */,
				6F81CB262572BDA500723154 /* LegendOfTheFiveRingsAppUITests */,
				6F81CB032572BDA300723154 /* Products */,
			);
			sourceTree = "<group>";
		};
		6F81CB032572BDA300723154 /* Products */ = {
			isa = PBXGroup;
			children = (
				6F81CB022572BDA300723154 /* LegendOfTheFiveRingsApp.app */,
				6F81CB182572BDA500723154 /* LegendOfTheFiveRingsAppTests.xctest */,
				6F81CB232572BDA500723154 /* LegendOfTheFiveRingsAppUITests.xctest */,
			);
			name = Products;
			sourceTree = "<group>";
		};
		6F81CB042572BDA300723154 /* LegendOfTheFiveRingsApp */ = {
			isa = PBXGroup;
			children = (
				6F81CB132572BDA500723154 /* Info.plist */,
				6F81CB612572E74500723154 /* LegendOfTheFiveRingsApp.entitlements */,
				6F81CB5C2572E51E00723154 /* Shared */,
				6F81CB602572E52C00723154 /* iOS */,
				6F81CB0B2572BDA500723154 /* Preview Content */,
			);
			path = LegendOfTheFiveRingsApp;
			sourceTree = "<group>";
		};
		6F81CB0B2572BDA500723154 /* Preview Content */ = {
			isa = PBXGroup;
			children = (
				6F81CB0C2572BDA500723154 /* Preview Assets.xcassets */,
			);
			path = "Preview Content";
			sourceTree = "<group>";
		};
		6F81CB1B2572BDA500723154 /* LegendOfTheFiveRingsAppTests */ = {
			isa = PBXGroup;
			children = (
				6F81CB1C2572BDA500723154 /* LegendOfTheFiveRingsAppTests.swift */,
				6F81CB1E2572BDA500723154 /* Info.plist */,
			);
			path = LegendOfTheFiveRingsAppTests;
			sourceTree = "<group>";
		};
		6F81CB262572BDA500723154 /* LegendOfTheFiveRingsAppUITests */ = {
			isa = PBXGroup;
			children = (
				6F81CB272572BDA500723154 /* LegendOfTheFiveRingsAppUITests.swift */,
				6F81CB292572BDA500723154 /* Info.plist */,
			);
			path = LegendOfTheFiveRingsAppUITests;
			sourceTree = "<group>";
		};
		6F81CB5C2572E51E00723154 /* Shared */ = {
			isa = PBXGroup;
			children = (
				6F81CB052572BDA300723154 /* LegendOfTheFiveRingsApp.swift */,
				6F81CB092572BDA500723154 /* Assets.xcassets */,
				6F81CB072572BDA300723154 /* ContentView.swift */,
				6F81CB9B2572F1EA00723154 /* Model */,
				6F81CB972572F01600723154 /* Book */,
				6F81CB932572EF3500723154 /* Character */,
			);
			path = Shared;
			sourceTree = "<group>";
		};
		6F81CB602572E52C00723154 /* iOS */ = {
			isa = PBXGroup;
			children = (
			);
			path = iOS;
			sourceTree = "<group>";
		};
		6F81CB932572EF3500723154 /* Character */ = {
			isa = PBXGroup;
			children = (
				6F81CB8E2572EF2300723154 /* CharacterList.swift */,
				6FCB2219257327E400F8BABF /* CharacterView.swift */,
			);
			path = Character;
			sourceTree = "<group>";
		};
		6F81CB972572F01600723154 /* Book */ = {
			isa = PBXGroup;
			children = (
				6F81CB402572BF4A00723154 /* FrameworkTestView.swift */,
			);
			path = Book;
			sourceTree = "<group>";
		};
		6F81CB9B2572F1EA00723154 /* Model */ = {
			isa = PBXGroup;
			children = (
				6F81CB0E2572BDA500723154 /* Persistence.swift */,
				6F81CB102572BDA500723154 /* LegendOfTheFiveRingsApp.xcdatamodeld */,
			);
			path = Model;
			sourceTree = "<group>";
		};
/* End PBXGroup section */

/* Begin PBXNativeTarget section */
		6F81CB012572BDA300723154 /* LegendOfTheFiveRingsApp */ = {
			isa = PBXNativeTarget;
			buildConfigurationList = 6F81CB2C2572BDA500723154 /* Build configuration list for PBXNativeTarget "LegendOfTheFiveRingsApp" */;
			buildPhases = (
				6F81CAFE2572BDA300723154 /* Sources */,
				6F81CAFF2572BDA300723154 /* Frameworks */,
				6F81CB002572BDA300723154 /* Resources */,
			);
			buildRules = (
			);
			dependencies = (
			);
			name = LegendOfTheFiveRingsApp;
			packageProductDependencies = (
				6FCB22382574650D00F8BABF /* LegendOfTheFiveRings */,
			);
			productName = LegendOfTheFiveRingsApp;
			productReference = 6F81CB022572BDA300723154 /* LegendOfTheFiveRingsApp.app */;
			productType = "com.apple.product-type.application";
		};
		6F81CB172572BDA500723154 /* LegendOfTheFiveRingsAppTests */ = {
			isa = PBXNativeTarget;
			buildConfigurationList = 6F81CB2F2572BDA500723154 /* Build configuration list for PBXNativeTarget "LegendOfTheFiveRingsAppTests" */;
			buildPhases = (
				6F81CB142572BDA500723154 /* Sources */,
				6F81CB152572BDA500723154 /* Frameworks */,
				6F81CB162572BDA500723154 /* Resources */,
			);
			buildRules = (
			);
			dependencies = (
				6F81CB1A2572BDA500723154 /* PBXTargetDependency */,
			);
			name = LegendOfTheFiveRingsAppTests;
			productName = LegendOfTheFiveRingsAppTests;
			productReference = 6F81CB182572BDA500723154 /* LegendOfTheFiveRingsAppTests.xctest */;
			productType = "com.apple.product-type.bundle.unit-test";
		};
		6F81CB222572BDA500723154 /* LegendOfTheFiveRingsAppUITests */ = {
			isa = PBXNativeTarget;
			buildConfigurationList = 6F81CB322572BDA500723154 /* Build configuration list for PBXNativeTarget "LegendOfTheFiveRingsAppUITests" */;
			buildPhases = (
				6F81CB1F2572BDA500723154 /* Sources */,
				6F81CB202572BDA500723154 /* Frameworks */,
				6F81CB212572BDA500723154 /* Resources */,
			);
			buildRules = (
			);
			dependencies = (
				6F81CB252572BDA500723154 /* PBXTargetDependency */,
			);
			name = LegendOfTheFiveRingsAppUITests;
			productName = LegendOfTheFiveRingsAppUITests;
			productReference = 6F81CB232572BDA500723154 /* LegendOfTheFiveRingsAppUITests.xctest */;
			productType = "com.apple.product-type.bundle.ui-testing";
		};
/* End PBXNativeTarget section */

/* Begin PBXProject section */
		6F81CAFA2572BDA300723154 /* Project object */ = {
			isa = PBXProject;
			attributes = {
				LastSwiftUpdateCheck = 1220;
				LastUpgradeCheck = 1220;
				TargetAttributes = {
					6F81CB012572BDA300723154 = {
						CreatedOnToolsVersion = 12.2;
					};
					6F81CB172572BDA500723154 = {
						CreatedOnToolsVersion = 12.2;
						TestTargetID = 6F81CB012572BDA300723154;
					};
					6F81CB222572BDA500723154 = {
						CreatedOnToolsVersion = 12.2;
						TestTargetID = 6F81CB012572BDA300723154;
					};
				};
			};
			buildConfigurationList = 6F81CAFD2572BDA300723154 /* Build configuration list for PBXProject "LegendOfTheFiveRingsApp" */;
			compatibilityVersion = "Xcode 9.3";
			developmentRegion = en;
			hasScannedForEncodings = 0;
			knownRegions = (
				en,
				Base,
			);
			mainGroup = 6F81CAF92572BDA300723154;
			packageReferences = (
				6FCB22372574650D00F8BABF /* XCRemoteSwiftPackageReference "LegendOfTheFiveRings" */,
			);
			productRefGroup = 6F81CB032572BDA300723154 /* Products */;
			projectDirPath = "";
			projectRoot = "";
			targets = (
				6F81CB012572BDA300723154 /* LegendOfTheFiveRingsApp */,
				6F81CB172572BDA500723154 /* LegendOfTheFiveRingsAppTests */,
				6F81CB222572BDA500723154 /* LegendOfTheFiveRingsAppUITests */,
			);
		};
/* End PBXProject section */

/* Begin PBXResourcesBuildPhase section */
		6F81CB002572BDA300723154 /* Resources */ = {
			isa = PBXResourcesBuildPhase;
			buildActionMask = 2147483647;
			files = (
				6F81CB0D2572BDA500723154 /* Preview Assets.xcassets in Resources */,
				6F81CB0A2572BDA500723154 /* Assets.xcassets in Resources */,
			);
			runOnlyForDeploymentPostprocessing = 0;
		};
		6F81CB162572BDA500723154 /* Resources */ = {
			isa = PBXResourcesBuildPhase;
			buildActionMask = 2147483647;
			files = (
			);
			runOnlyForDeploymentPostprocessing = 0;
		};
		6F81CB212572BDA500723154 /* Resources */ = {
			isa = PBXResourcesBuildPhase;
			buildActionMask = 2147483647;
			files = (
			);
			runOnlyForDeploymentPostprocessing = 0;
		};
/* End PBXResourcesBuildPhase section */

/* Begin PBXSourcesBuildPhase section */
		6F81CAFE2572BDA300723154 /* Sources */ = {
			isa = PBXSourcesBuildPhase;
			buildActionMask = 2147483647;
			files = (
				6F81CB0F2572BDA500723154 /* Persistence.swift in Sources */,
				6F81CB082572BDA300723154 /* ContentView.swift in Sources */,
				6F81CB062572BDA300723154 /* LegendOfTheFiveRingsApp.swift in Sources */,
				6F81CB8F2572EF2300723154 /* CharacterList.swift in Sources */,
				6F81CB122572BDA500723154 /* LegendOfTheFiveRingsApp.xcdatamodeld in Sources */,
				6F81CB412572BF4A00723154 /* FrameworkTestView.swift in Sources */,
				6FCB221A257327E400F8BABF /* CharacterView.swift in Sources */,
			);
			runOnlyForDeploymentPostprocessing = 0;
		};
		6F81CB142572BDA500723154 /* Sources */ = {
			isa = PBXSourcesBuildPhase;
			buildActionMask = 2147483647;
			files = (
				6F81CB1D2572BDA500723154 /* LegendOfTheFiveRingsAppTests.swift in Sources */,
			);
			runOnlyForDeploymentPostprocessing = 0;
		};
		6F81CB1F2572BDA500723154 /* Sources */ = {
			isa = PBXSourcesBuildPhase;
			buildActionMask = 2147483647;
			files = (
				6F81CB282572BDA500723154 /* LegendOfTheFiveRingsAppUITests.swift in Sources */,
			);
			runOnlyForDeploymentPostprocessing = 0;
		};
/* End PBXSourcesBuildPhase section */

/* Begin PBXTargetDependency section */
		6F81CB1A2572BDA500723154 /* PBXTargetDependency */ = {
			isa = PBXTargetDependency;
			target = 6F81CB012572BDA300723154 /* LegendOfTheFiveRingsApp */;
			targetProxy = 6F81CB192572BDA500723154 /* PBXContainerItemProxy */;
		};
		6F81CB252572BDA500723154 /* PBXTargetDependency */ = {
			isa = PBXTargetDependency;
			target = 6F81CB012572BDA300723154 /* LegendOfTheFiveRingsApp */;
			targetProxy = 6F81CB242572BDA500723154 /* PBXContainerItemProxy */;
		};
/* End PBXTargetDependency section */

/* Begin XCBuildConfiguration section */
		6F81CB2A2572BDA500723154 /* Debug */ = {
			isa = XCBuildConfiguration;
			buildSettings = {
				ALWAYS_SEARCH_USER_PATHS = NO;
				CLANG_ANALYZER_NONNULL = YES;
				CLANG_ANALYZER_NUMBER_OBJECT_CONVERSION = YES_AGGRESSIVE;
				CLANG_CXX_LANGUAGE_STANDARD = "gnu++14";
				CLANG_CXX_LIBRARY = "libc++";
				CLANG_ENABLE_MODULES = YES;
				CLANG_ENABLE_OBJC_ARC = YES;
				CLANG_ENABLE_OBJC_WEAK = YES;
				CLANG_WARN_BLOCK_CAPTURE_AUTORELEASING = YES;
				CLANG_WARN_BOOL_CONVERSION = YES;
				CLANG_WARN_COMMA = YES;
				CLANG_WARN_CONSTANT_CONVERSION = YES;
				CLANG_WARN_DEPRECATED_OBJC_IMPLEMENTATIONS = YES;
				CLANG_WARN_DIRECT_OBJC_ISA_USAGE = YES_ERROR;
				CLANG_WARN_DOCUMENTATION_COMMENTS = YES;
				CLANG_WARN_EMPTY_BODY = YES;
				CLANG_WARN_ENUM_CONVERSION = YES;
				CLANG_WARN_INFINITE_RECURSION = YES;
				CLANG_WARN_INT_CONVERSION = YES;
				CLANG_WARN_NON_LITERAL_NULL_CONVERSION = YES;
				CLANG_WARN_OBJC_IMPLICIT_RETAIN_SELF = YES;
				CLANG_WARN_OBJC_LITERAL_CONVERSION = YES;
				CLANG_WARN_OBJC_ROOT_CLASS = YES_ERROR;
				CLANG_WARN_QUOTED_INCLUDE_IN_FRAMEWORK_HEADER = YES;
				CLANG_WARN_RANGE_LOOP_ANALYSIS = YES;
				CLANG_WARN_STRICT_PROTOTYPES = YES;
				CLANG_WARN_SUSPICIOUS_MOVE = YES;
				CLANG_WARN_UNGUARDED_AVAILABILITY = YES_AGGRESSIVE;
				CLANG_WARN_UNREACHABLE_CODE = YES;
				CLANG_WARN__DUPLICATE_METHOD_MATCH = YES;
				COPY_PHASE_STRIP = NO;
				DEBUG_INFORMATION_FORMAT = dwarf;
				ENABLE_STRICT_OBJC_MSGSEND = YES;
				ENABLE_TESTABILITY = YES;
				GCC_C_LANGUAGE_STANDARD = gnu11;
				GCC_DYNAMIC_NO_PIC = NO;
				GCC_NO_COMMON_BLOCKS = YES;
				GCC_OPTIMIZATION_LEVEL = 0;
				GCC_PREPROCESSOR_DEFINITIONS = (
					"DEBUG=1",
					"$(inherited)",
				);
				GCC_WARN_64_TO_32_BIT_CONVERSION = YES;
				GCC_WARN_ABOUT_RETURN_TYPE = YES_ERROR;
				GCC_WARN_UNDECLARED_SELECTOR = YES;
				GCC_WARN_UNINITIALIZED_AUTOS = YES_AGGRESSIVE;
				GCC_WARN_UNUSED_FUNCTION = YES;
				GCC_WARN_UNUSED_VARIABLE = YES;
				IPHONEOS_DEPLOYMENT_TARGET = 14.2;
				MTL_ENABLE_DEBUG_INFO = INCLUDE_SOURCE;
				MTL_FAST_MATH = YES;
				ONLY_ACTIVE_ARCH = YES;
				SDKROOT = iphoneos;
				SWIFT_ACTIVE_COMPILATION_CONDITIONS = DEBUG;
				SWIFT_OPTIMIZATION_LEVEL = "-Onone";
			};
			name = Debug;
		};
		6F81CB2B2572BDA500723154 /* Release */ = {
			isa = XCBuildConfiguration;
			buildSettings = {
				ALWAYS_SEARCH_USER_PATHS = NO;
				CLANG_ANALYZER_NONNULL = YES;
				CLANG_ANALYZER_NUMBER_OBJECT_CONVERSION = YES_AGGRESSIVE;
				CLANG_CXX_LANGUAGE_STANDARD = "gnu++14";
				CLANG_CXX_LIBRARY = "libc++";
				CLANG_ENABLE_MODULES = YES;
				CLANG_ENABLE_OBJC_ARC = YES;
				CLANG_ENABLE_OBJC_WEAK = YES;
				CLANG_WARN_BLOCK_CAPTURE_AUTORELEASING = YES;
				CLANG_WARN_BOOL_CONVERSION = YES;
				CLANG_WARN_COMMA = YES;
				CLANG_WARN_CONSTANT_CONVERSION = YES;
				CLANG_WARN_DEPRECATED_OBJC_IMPLEMENTATIONS = YES;
				CLANG_WARN_DIRECT_OBJC_ISA_USAGE = YES_ERROR;
				CLANG_WARN_DOCUMENTATION_COMMENTS = YES;
				CLANG_WARN_EMPTY_BODY = YES;
				CLANG_WARN_ENUM_CONVERSION = YES;
				CLANG_WARN_INFINITE_RECURSION = YES;
				CLANG_WARN_INT_CONVERSION = YES;
				CLANG_WARN_NON_LITERAL_NULL_CONVERSION = YES;
				CLANG_WARN_OBJC_IMPLICIT_RETAIN_SELF = YES;
				CLANG_WARN_OBJC_LITERAL_CONVERSION = YES;
				CLANG_WARN_OBJC_ROOT_CLASS = YES_ERROR;
				CLANG_WARN_QUOTED_INCLUDE_IN_FRAMEWORK_HEADER = YES;
				CLANG_WARN_RANGE_LOOP_ANALYSIS = YES;
				CLANG_WARN_STRICT_PROTOTYPES = YES;
				CLANG_WARN_SUSPICIOUS_MOVE = YES;
				CLANG_WARN_UNGUARDED_AVAILABILITY = YES_AGGRESSIVE;
				CLANG_WARN_UNREACHABLE_CODE = YES;
				CLANG_WARN__DUPLICATE_METHOD_MATCH = YES;
				COPY_PHASE_STRIP = NO;
				DEBUG_INFORMATION_FORMAT = "dwarf-with-dsym";
				ENABLE_NS_ASSERTIONS = NO;
				ENABLE_STRICT_OBJC_MSGSEND = YES;
				GCC_C_LANGUAGE_STANDARD = gnu11;
				GCC_NO_COMMON_BLOCKS = YES;
				GCC_WARN_64_TO_32_BIT_CONVERSION = YES;
				GCC_WARN_ABOUT_RETURN_TYPE = YES_ERROR;
				GCC_WARN_UNDECLARED_SELECTOR = YES;
				GCC_WARN_UNINITIALIZED_AUTOS = YES_AGGRESSIVE;
				GCC_WARN_UNUSED_FUNCTION = YES;
				GCC_WARN_UNUSED_VARIABLE = YES;
				IPHONEOS_DEPLOYMENT_TARGET = 14.2;
				MTL_ENABLE_DEBUG_INFO = NO;
				MTL_FAST_MATH = YES;
				SDKROOT = iphoneos;
				SWIFT_COMPILATION_MODE = wholemodule;
				SWIFT_OPTIMIZATION_LEVEL = "-O";
				VALIDATE_PRODUCT = YES;
			};
			name = Release;
		};
		6F81CB2D2572BDA500723154 /* Debug */ = {
			isa = XCBuildConfiguration;
			buildSettings = {
				ASSETCATALOG_COMPILER_APPICON_NAME = AppIcon;
				ASSETCATALOG_COMPILER_GLOBAL_ACCENT_COLOR_NAME = AccentColor;
				CODE_SIGN_ENTITLEMENTS = LegendOfTheFiveRingsApp/LegendOfTheFiveRingsApp.entitlements;
				"CODE_SIGN_IDENTITY[sdk=macosx*]" = "Apple Development";
				CODE_SIGN_STYLE = Automatic;
				DEVELOPMENT_ASSET_PATHS = "\"LegendOfTheFiveRingsApp/Preview Content\"";
				DEVELOPMENT_TEAM = 5GDHPB6D3B;
				ENABLE_PREVIEWS = YES;
				INFOPLIST_FILE = LegendOfTheFiveRingsApp/Info.plist;
				IPHONEOS_DEPLOYMENT_TARGET = 14.0;
				LD_RUNPATH_SEARCH_PATHS = (
					"$(inherited)",
					"@executable_path/Frameworks",
				);
				PRODUCT_BUNDLE_IDENTIFIER = com.tharak.StrandedDeep;
				PRODUCT_NAME = "$(TARGET_NAME)";
				SUPPORTS_MACCATALYST = YES;
				SWIFT_VERSION = 5.0;
				TARGETED_DEVICE_FAMILY = "1,2";
			};
			name = Debug;
		};
		6F81CB2E2572BDA500723154 /* Release */ = {
			isa = XCBuildConfiguration;
			buildSettings = {
				ASSETCATALOG_COMPILER_APPICON_NAME = AppIcon;
				ASSETCATALOG_COMPILER_GLOBAL_ACCENT_COLOR_NAME = AccentColor;
				CODE_SIGN_ENTITLEMENTS = LegendOfTheFiveRingsApp/LegendOfTheFiveRingsApp.entitlements;
				"CODE_SIGN_IDENTITY[sdk=macosx*]" = "Apple Development";
				CODE_SIGN_STYLE = Automatic;
				DEVELOPMENT_ASSET_PATHS = "\"LegendOfTheFiveRingsApp/Preview Content\"";
				DEVELOPMENT_TEAM = 5GDHPB6D3B;
				ENABLE_PREVIEWS = YES;
				INFOPLIST_FILE = LegendOfTheFiveRingsApp/Info.plist;
				IPHONEOS_DEPLOYMENT_TARGET = 14.0;
				LD_RUNPATH_SEARCH_PATHS = (
					"$(inherited)",
					"@executable_path/Frameworks",
				);
				PRODUCT_BUNDLE_IDENTIFIER = com.tharak.StrandedDeep;
				PRODUCT_NAME = "$(TARGET_NAME)";
				SUPPORTS_MACCATALYST = YES;
				SWIFT_VERSION = 5.0;
				TARGETED_DEVICE_FAMILY = "1,2";
			};
			name = Release;
		};
		6F81CB302572BDA500723154 /* Debug */ = {
			isa = XCBuildConfiguration;
			buildSettings = {
				ALWAYS_EMBED_SWIFT_STANDARD_LIBRARIES = YES;
				BUNDLE_LOADER = "$(TEST_HOST)";
				CODE_SIGN_STYLE = Automatic;
				INFOPLIST_FILE = LegendOfTheFiveRingsAppTests/Info.plist;
				IPHONEOS_DEPLOYMENT_TARGET = 14.0;
				LD_RUNPATH_SEARCH_PATHS = (
					"$(inherited)",
					"@executable_path/Frameworks",
					"@loader_path/Frameworks",
				);
				PRODUCT_BUNDLE_IDENTIFIER = com.tharak.LegendOfTheFiveRingsAppTests;
				PRODUCT_NAME = "$(TARGET_NAME)";
				SWIFT_VERSION = 5.0;
				TARGETED_DEVICE_FAMILY = "1,2";
				TEST_HOST = "$(BUILT_PRODUCTS_DIR)/LegendOfTheFiveRingsApp.app/LegendOfTheFiveRingsApp";
			};
			name = Debug;
		};
		6F81CB312572BDA500723154 /* Release */ = {
			isa = XCBuildConfiguration;
			buildSettings = {
				ALWAYS_EMBED_SWIFT_STANDARD_LIBRARIES = YES;
				BUNDLE_LOADER = "$(TEST_HOST)";
				CODE_SIGN_STYLE = Automatic;
				INFOPLIST_FILE = LegendOfTheFiveRingsAppTests/Info.plist;
				IPHONEOS_DEPLOYMENT_TARGET = 14.0;
				LD_RUNPATH_SEARCH_PATHS = (
					"$(inherited)",
					"@executable_path/Frameworks",
					"@loader_path/Frameworks",
				);
				PRODUCT_BUNDLE_IDENTIFIER = com.tharak.LegendOfTheFiveRingsAppTests;
				PRODUCT_NAME = "$(TARGET_NAME)";
				SWIFT_VERSION = 5.0;
				TARGETED_DEVICE_FAMILY = "1,2";
				TEST_HOST = "$(BUILT_PRODUCTS_DIR)/LegendOfTheFiveRingsApp.app/LegendOfTheFiveRingsApp";
			};
			name = Release;
		};
		6F81CB332572BDA500723154 /* Debug */ = {
			isa = XCBuildConfiguration;
			buildSettings = {
				ALWAYS_EMBED_SWIFT_STANDARD_LIBRARIES = YES;
				CODE_SIGN_STYLE = Automatic;
				INFOPLIST_FILE = LegendOfTheFiveRingsAppUITests/Info.plist;
				LD_RUNPATH_SEARCH_PATHS = (
					"$(inherited)",
					"@executable_path/Frameworks",
					"@loader_path/Frameworks",
				);
				PRODUCT_BUNDLE_IDENTIFIER = com.tharak.LegendOfTheFiveRingsAppUITests;
				PRODUCT_NAME = "$(TARGET_NAME)";
				SWIFT_VERSION = 5.0;
				TARGETED_DEVICE_FAMILY = "1,2";
				TEST_TARGET_NAME = LegendOfTheFiveRingsApp;
			};
			name = Debug;
		};
		6F81CB342572BDA500723154 /* Release */ = {
			isa = XCBuildConfiguration;
			buildSettings = {
				ALWAYS_EMBED_SWIFT_STANDARD_LIBRARIES = YES;
				CODE_SIGN_STYLE = Automatic;
				INFOPLIST_FILE = LegendOfTheFiveRingsAppUITests/Info.plist;
				LD_RUNPATH_SEARCH_PATHS = (
					"$(inherited)",
					"@executable_path/Frameworks",
					"@loader_path/Frameworks",
				);
				PRODUCT_BUNDLE_IDENTIFIER = com.tharak.LegendOfTheFiveRingsAppUITests;
				PRODUCT_NAME = "$(TARGET_NAME)";
				SWIFT_VERSION = 5.0;
				TARGETED_DEVICE_FAMILY = "1,2";
				TEST_TARGET_NAME = LegendOfTheFiveRingsApp;
			};
			name = Release;
		};
/* End XCBuildConfiguration section */

/* Begin XCConfigurationList section */
		6F81CAFD2572BDA300723154 /* Build configuration list for PBXProject "LegendOfTheFiveRingsApp" */ = {
			isa = XCConfigurationList;
			buildConfigurations = (
				6F81CB2A2572BDA500723154 /* Debug */,
				6F81CB2B2572BDA500723154 /* Release */,
			);
			defaultConfigurationIsVisible = 0;
			defaultConfigurationName = Release;
		};
		6F81CB2C2572BDA500723154 /* Build configuration list for PBXNativeTarget "LegendOfTheFiveRingsApp" */ = {
			isa = XCConfigurationList;
			buildConfigurations = (
				6F81CB2D2572BDA500723154 /* Debug */,
				6F81CB2E2572BDA500723154 /* Release */,
			);
			defaultConfigurationIsVisible = 0;
			defaultConfigurationName = Release;
		};
		6F81CB2F2572BDA500723154 /* Build configuration list for PBXNativeTarget "LegendOfTheFiveRingsAppTests" */ = {
			isa = XCConfigurationList;
			buildConfigurations = (
				6F81CB302572BDA500723154 /* Debug */,
				6F81CB312572BDA500723154 /* Release */,
			);
			defaultConfigurationIsVisible = 0;
			defaultConfigurationName = Release;
		};
		6F81CB322572BDA500723154 /* Build configuration list for PBXNativeTarget "LegendOfTheFiveRingsAppUITests" */ = {
			isa = XCConfigurationList;
			buildConfigurations = (
				6F81CB332572BDA500723154 /* Debug */,
				6F81CB342572BDA500723154 /* Release */,
			);
			defaultConfigurationIsVisible = 0;
			defaultConfigurationName = Release;
		};
/* End XCConfigurationList section */

/* Begin XCRemoteSwiftPackageReference section */
		6FCB22372574650D00F8BABF /* XCRemoteSwiftPackageReference "LegendOfTheFiveRings" */ = {
			isa = XCRemoteSwiftPackageReference;
			repositoryURL = "git@github.com:tharak/LegendOfTheFiveRings.git";
			requirement = {
				branch = main;
				kind = branch;
			};
		};
/* End XCRemoteSwiftPackageReference section */

/* Begin XCSwiftPackageProductDependency section */
		6FCB22382574650D00F8BABF /* LegendOfTheFiveRings */ = {
			isa = XCSwiftPackageProductDependency;
			package = 6FCB22372574650D00F8BABF /* XCRemoteSwiftPackageReference "LegendOfTheFiveRings" */;
			productName = LegendOfTheFiveRings;
		};
/* End XCSwiftPackageProductDependency section */

/* Begin XCVersionGroup section */
		6F81CB102572BDA500723154 /* LegendOfTheFiveRingsApp.xcdatamodeld */ = {
			isa = XCVersionGroup;
			children = (
				6F81CB112572BDA500723154 /* LegendOfTheFiveRingsApp.xcdatamodel */,
			);
			currentVersion = 6F81CB112572BDA500723154 /* LegendOfTheFiveRingsApp.xcdatamodel */;
			path = LegendOfTheFiveRingsApp.xcdatamodeld;
			sourceTree = "<group>";
			versionGroupType = wrapper.xcdatamodel;
		};
/* End XCVersionGroup section */
	};
	rootObject = 6F81CAFA2572BDA300723154 /* Project object */;
}
