{
  "object": {
    "pins": [
      {
        "package": "LegendOfTheFiveRings",
        "repositoryURL": "git@github.com:tharak/LegendOfTheFiveRings.git",
        "state": {
          "branch": "main",
          "revision": "a84b87bac7a0b3bd05eecd2e03ec743ab0159cbd",
          "version": null
        }
      }
    ]
  },
  "version": 1
}
