{
  "object": {
    "pins": [
      {
        "package": "CoreDataModelDescription",
        "repositoryURL": "https://github.com/dmytro-anokhin/core-data-model-description.git",
        "state": {
          "branch": null,
          "revision": "9669c28cf58deb4a8d0454abd656ac7557f98ab6",
          "version": "0.0.9"
        }
      },
      {
        "package": "LegendOfTheFiveRings",
        "repositoryURL": "git@github.com:tharak/LegendOfTheFiveRings.git",
        "state": {
          "branch": "main",
          "revision": "6e57f0ee77512df410720c0c0b5c035e0eba1f9e",
          "version": null
        }
      },
      {
        "package": "LegendOfTheFiveRingsRoller",
        "repositoryURL": "git@github.com:tharak/LegendOfTheFiveRingsRoller.git",
        "state": {
          "branch": "main",
          "revision": "2f0f73531613c573a8ca9050a9226584856df8b1",
          "version": null
        }
      }
    ]
  },
  "version": 1
}
