{
  "object": {
    "pins": [
      {
        "package": "LegendOfTheFiveRings",
        "repositoryURL": "git@github.com:tharak/LegendOfTheFiveRings.git",
        "state": {
          "branch": "main",
          "revision": "252ed75b276314cc0ee1905cb1c921243d58fe14",
          "version": null
        }
      }
    ]
  },
  "version": 1
}
